
Microsoft Visual Studio Solution File, Format Version 12.00
# Visual Studio 14
VisualStudioVersion = 14.0.25420.1
MinimumVisualStudioVersion = 10.0.40219.1
Project("{FAE04EC0-301F-11D3-BF4B-00C04F79EFBC}") = "UnitTests", "UnitTests\UnitTests.csproj", "{201B3264-32C5-4D4F-9037-ECB33B03E0A2}"
EndProject
Project("{FAE04EC0-301F-11D3-BF4B-00C04F79EFBC}") = "GuiosoftUtils", "GuiosoftUtils\GuiosoftUtils.csproj", "{67308B94-044B-4066-A348-53424E30F7ED}"
EndProject
Global
	GlobalSection(SolutionConfigurationPlatforms) = preSolution
		Debug|Any CPU = Debug|Any CPU
		Release|Any CPU = Release|Any CPU
	EndGlobalSection
	GlobalSection(ProjectConfigurationPlatforms) = postSolution
		{201B3264-32C5-4D4F-9037-ECB33B03E0A2}.Debug|Any CPU.ActiveCfg = Debug|Any CPU
		{201B3264-32C5-4D4F-9037-ECB33B03E0A2}.Debug|Any CPU.Build.0 = Debug|Any CPU
		{201B3264-32C5-4D4F-9037-ECB33B03E0A2}.Release|Any CPU.ActiveCfg = Release|Any CPU
		{201B3264-32C5-4D4F-9037-ECB33B03E0A2}.Release|Any CPU.Build.0 = Release|Any CPU
		{67308B94-044B-4066-A348-53424E30F7ED}.Debug|Any CPU.ActiveCfg = Debug|Any CPU
		{67308B94-044B-4066-A348-53424E30F7ED}.Debug|Any CPU.Build.0 = Debug|Any CPU
		{67308B94-044B-4066-A348-53424E30F7ED}.Release|Any CPU.ActiveCfg = Release|Any CPU
		{67308B94-044B-4066-A348-53424E30F7ED}.Release|Any CPU.Build.0 = Release|Any CPU
	EndGlobalSection
	GlobalSection(SolutionProperties) = preSolution
		HideSolutionNode = FALSE
	EndGlobalSection
EndGlobal
